# THIS IS AN AUTOGENERATED FILE. DO NOT EDIT THIS FILE DIRECTLY.
# yarn lockfile v1


abbrev@1:
  version "1.1.1"
  resolved "https://registry.yarnpkg.com/abbrev/-/abbrev-1.1.1.tgz#f8f2c887ad10bf67f634f005b6987fed3179aac8"
  integrity sha512-nne9/IiQ/hzIhY6pdDnbBtz7DjPTKrY00P/zvPSm5pOFkl6xuGrGnXn/VtTNNfNtAfZ9/1RtehkszU9qcTii0Q==

ansi-regex@^2.0.0:
  version "2.1.1"
  resolved "https://registry.yarnpkg.com/ansi-regex/-/ansi-regex-2.1.1.tgz#c3b33ab5ee360d86e0e628f0468ae7ef27d654df"
  integrity sha1-w7M6te42DYbg5ijwRorn7yfWVN8=

ansi-styles@^2.2.1:
  version "2.2.1"
  resolved "https://registry.yarnpkg.com/ansi-styles/-/ansi-styles-2.2.1.tgz#b432dd3358b634cf75e1e4664368240533c1ddbe"
  integrity sha1-tDLdM1i2NM914eRmQ2gkBTPB3b4=

"argparse@~ 0.1.11":
  version "0.1.16"
  resolved "https://registry.yarnpkg.com/argparse/-/argparse-0.1.16.tgz#cfd01e0fbba3d6caed049fbd758d40f65196f57c"
  integrity sha1-z9AeD7uj1srtBJ+9dY1A9lGW9Xw=
  dependencies:
    underscore "~1.7.0"
    underscore.string "~2.4.0"

async@^1.5.2:
  version "1.5.2"
  resolved "https://registry.yarnpkg.com/async/-/async-1.5.2.tgz#ec6a61ae56480c0c3cb241c95618e20892f9672a"
  integrity sha1-7GphrlZIDAw8skHJVhjiCJL5Zyo=

async@~0.1.22:
  version "0.1.22"
  resolved "https://registry.yarnpkg.com/async/-/async-0.1.22.tgz#0fc1aaa088a0e3ef0ebe2d8831bab0dcf8845061"
  integrity sha1-D8GqoIig4+8Ovi2IMbqw3PiEUGE=

balanced-match@^1.0.0:
  version "1.0.0"
  resolved "https://registry.yarnpkg.com/balanced-match/-/balanced-match-1.0.0.tgz#89b4d199ab2bee49de164ea02b89ce462d71b767"
  integrity sha1-ibTRmasr7kneFk6gK4nORi1xt2c=

brace-expansion@^1.1.7:
  version "1.1.11"
  resolved "https://registry.yarnpkg.com/brace-expansion/-/brace-expansion-1.1.11.tgz#3c7fcbf529d87226f3d2f52b966ff5271eb441dd"
  integrity sha512-iCuPHDFgrHX7H2vEI/5xpz07zSHB00TpugqhmYtVmMO6518mCuRMoOYFldEBl0g187ufozdaHgWKcYFb61qGiA==
  dependencies:
    balanced-match "^1.0.0"
    concat-map "0.0.1"

chalk@^1.1.1:
  version "1.1.3"
  resolved "https://registry.yarnpkg.com/chalk/-/chalk-1.1.3.tgz#a8115c55e4a702fe4d150abd3872822a7e09fc98"
  integrity sha1-qBFcVeSnAv5NFQq9OHKCKn4J/Jg=
  dependencies:
    ansi-styles "^2.2.1"
    escape-string-regexp "^1.0.2"
    has-ansi "^2.0.0"
    strip-ansi "^3.0.0"
    supports-color "^2.0.0"

coffee-script@~1.3.3:
  version "1.3.3"
  resolved "https://registry.yarnpkg.com/coffee-script/-/coffee-script-1.3.3.tgz#150d6b4cb522894369efed6a2101c20bc7f4a4f4"
  integrity sha1-FQ1rTLUiiUNp7+1qIQHCC8f0pPQ=

colors@~0.6.2:
  version "0.6.2"
  resolved "https://registry.yarnpkg.com/colors/-/colors-0.6.2.tgz#2423fe6678ac0c5dae8852e5d0e5be08c997abcc"
  integrity sha1-JCP+ZnisDF2uiFLl0OW+CMmXq8w=

concat-map@0.0.1:
  version "0.0.1"
  resolved "https://registry.yarnpkg.com/concat-map/-/concat-map-0.0.1.tgz#d8a96bd77fd68df7793a73036a3ba0d5405d477b"
  integrity sha1-2Klr13/Wjfd5OnMDajug1UBdR3s=

"dGrowl@https://github.com/stratease/dGrowl#0.1.2":
  version "0.1.2"
  resolved "https://github.com/stratease/dGrowl#f6dd694f909cc002c59f7b94467b155bab7cf03f"

dateformat@1.0.2-1.2.3:
  version "1.0.2-1.2.3"
  resolved "https://registry.yarnpkg.com/dateformat/-/dateformat-1.0.2-1.2.3.tgz#b0220c02de98617433b72851cf47de3df2cdbee9"
  integrity sha1-sCIMAt6YYXQztyhRz0fePfLNvuk=

"dgrid@https://github.com/SitePen/dgrid#v1.0.0":
  version "1.0.0"
  resolved "https://github.com/SitePen/dgrid#0d3f426df8a718ad20dc2e4ec0f75b49aecc2457"

dijit@~1.12.1:
  version "1.12.9"
  resolved "https://registry.yarnpkg.com/dijit/-/dijit-1.12.9.tgz#faf59ac82aef0632bea66450d79c122222e39780"
  integrity sha512-W6NmaOpLpwDNTSpYknsviqgigZq+p4olzvpMxvMAOfkUJwngZMcq+PhH1vjliEMtiBQOr/v/VHxdBAX8//W60Q==
  dependencies:
    dojo "1.12.9"

dojo@1.12.9, dojo@~1.12.1:
  version "1.12.9"
  resolved "https://registry.yarnpkg.com/dojo/-/dojo-1.12.9.tgz#e7901af6f6e3b80c441033ee4bb66334f6479034"
  integrity sha512-W1SMroJl72X9Qwb1hb4gqlvUPoqU1aaNEu/YME2rmi44eXbkRWzrassMD2JLeV+kzb8H6k6Z6tpl6hzgMmGZqA==

dojo@^1.9.0:
  version "1.16.3"
  resolved "https://registry.yarnpkg.com/dojo/-/dojo-1.16.3.tgz#f9d2343184b5e5ffda2ee5666029da20508e1013"
  integrity sha512-+mPovtmbULx5V69lWji496gMfhXuL1WCC0KBq0hig4Tz6WGAYxTOJV6ch3bewNzSJHmaHiSsIMYkW8jcUrhLIQ==

"dstore@https://github.com/SitePen/dstore#1.1.1":
  version "1.1.1"
  resolved "https://github.com/SitePen/dstore#77a442418ea92d16c105728e478a72d1e59d214a"
  dependencies:
    dojo "^1.9.0"

escape-string-regexp@^1.0.2:
  version "1.0.5"
  resolved "https://registry.yarnpkg.com/escape-string-regexp/-/escape-string-regexp-1.0.5.tgz#1b61c0562190a8dff6ae3bb2cf0200ca130b86d4"
  integrity sha1-G2HAViGQqN/2rjuyzwIAyhMLhtQ=

"esprima@~ 1.0.2":
  version "1.0.4"
  resolved "https://registry.yarnpkg.com/esprima/-/esprima-1.0.4.tgz#9f557e08fc3b4d26ece9dd34f8fbf476b62585ad"
  integrity sha1-n1V+CPw7TSbs6d00+Pv0drYlha0=

eventemitter2@~0.4.13:
  version "0.4.14"
  resolved "https://registry.yarnpkg.com/eventemitter2/-/eventemitter2-0.4.14.tgz#8f61b75cde012b2e9eb284d4545583b5643b61ab"
  integrity sha1-j2G3XN4BKy6esoTUVFWDtWQ7Yas=

exit@~0.1.1:
  version "0.1.2"
  resolved "https://registry.yarnpkg.com/exit/-/exit-0.1.2.tgz#0632638f8d877cc82107d30a0fff1a17cba1cd0c"
  integrity sha1-BjJjj42HfMghB9MKD/8aF8uhzQw=

file-sync-cmp@^0.1.0:
  version "0.1.1"
  resolved "https://registry.yarnpkg.com/file-sync-cmp/-/file-sync-cmp-0.1.1.tgz#a5e7a8ffbfa493b43b923bbd4ca89a53b63b612b"
  integrity sha1-peeo/7+kk7Q7kju9TKiaU7Y7YSs=

findup-sync@~0.1.2:
  version "0.1.3"
  resolved "https://registry.yarnpkg.com/findup-sync/-/findup-sync-0.1.3.tgz#7f3e7a97b82392c653bf06589bd85190e93c3683"
  integrity sha1-fz56l7gjksZTvwZYm9hRkOk8NoM=
  dependencies:
    glob "~3.2.9"
    lodash "~2.4.1"

font-awesome@~4.6.3:
  version "4.6.3"
  resolved "https://registry.yarnpkg.com/font-awesome/-/font-awesome-4.6.3.tgz#86933651540ee00874c664017f50f2172f6531a2"
  integrity sha1-hpM2UVQO4Ah0xmQBf1DyFy9lMaI=

foundation-sites@~5.5.0:
  version "5.5.3"
  resolved "https://registry.yarnpkg.com/foundation-sites/-/foundation-sites-5.5.3.tgz#6556eb2b31cde3b226630116bd215d95d056c0a7"
  integrity sha1-ZVbrKzHN47ImYwEWvSFdldBWwKc=

fs.realpath@^1.0.0:
  version "1.0.0"
  resolved "https://registry.yarnpkg.com/fs.realpath/-/fs.realpath-1.0.0.tgz#1504ad2523158caa40db4a2787cb01411994ea4f"
  integrity sha1-FQStJSMVjKpA20onh8sBQRmU6k8=

getobject@~0.1.0:
  version "0.1.0"
  resolved "https://registry.yarnpkg.com/getobject/-/getobject-0.1.0.tgz#047a449789fa160d018f5486ed91320b6ec7885c"
  integrity sha1-BHpEl4n6Fg0Bj1SG7ZEyC27HiFw=

glob@^7.1.3:
  version "7.1.6"
  resolved "https://registry.yarnpkg.com/glob/-/glob-7.1.6.tgz#141f33b81a7c2492e125594307480c46679278a6"
  integrity sha512-LwaxwyZ72Lk7vZINtNNrywX0ZuLyStrdDtabefZKAY5ZGJhVtgdznluResxNmPitE0SAO+O26sWTHeKSI2wMBA==
  dependencies:
    fs.realpath "^1.0.0"
    inflight "^1.0.4"
    inherits "2"
    minimatch "^3.0.4"
    once "^1.3.0"
    path-is-absolute "^1.0.0"

glob@~3.1.21:
  version "3.1.21"
  resolved "https://registry.yarnpkg.com/glob/-/glob-3.1.21.tgz#d29e0a055dea5138f4d07ed40e8982e83c2066cd"
  integrity sha1-0p4KBV3qUTj00H7UDomC6DwgZs0=
  dependencies:
    graceful-fs "~1.2.0"
    inherits "1"
    minimatch "~0.2.11"

glob@~3.2.9:
  version "3.2.11"
  resolved "https://registry.yarnpkg.com/glob/-/glob-3.2.11.tgz#4a973f635b9190f715d10987d5c00fd2815ebe3d"
  integrity sha1-Spc/Y1uRkPcV0QmH1cAP0oFevj0=
  dependencies:
    inherits "2"
    minimatch "0.3"

graceful-fs@~1.2.0:
  version "1.2.3"
  resolved "https://registry.yarnpkg.com/graceful-fs/-/graceful-fs-1.2.3.tgz#15a4806a57547cb2d2dbf27f42e89a8c3451b364"
  integrity sha1-FaSAaldUfLLS2/J/QuiajDRRs2Q=

grunt-contrib-clean@~1.0.0:
  version "1.0.0"
  resolved "https://registry.yarnpkg.com/grunt-contrib-clean/-/grunt-contrib-clean-1.0.0.tgz#6b2ed94117e2c7ffe32ee04578c96fe4625a9b6d"
  integrity sha1-ay7ZQRfix//jLuBFeMlv5GJam20=
  dependencies:
    async "^1.5.2"
    rimraf "^2.5.1"

grunt-contrib-copy@~0.8.2:
  version "0.8.2"
  resolved "https://registry.yarnpkg.com/grunt-contrib-copy/-/grunt-contrib-copy-0.8.2.tgz#df31c90ffcc409bc9fafe44ec0dd1e4259916fea"
  integrity sha1-3zHJD/zECbyfr+ROwN0eQlmRb+o=
  dependencies:
    chalk "^1.1.1"
    file-sync-cmp "^0.1.0"

grunt-dojo@~1.1.1:
  version "1.1.2"
  resolved "https://registry.yarnpkg.com/grunt-dojo/-/grunt-dojo-1.1.2.tgz#9d4e0e2df1248c1bd1fb739e5c52bd16426e9d5a"
  integrity sha1-nU4OLfEkjBvR+3OeXFK9FkJunVo=

grunt-legacy-log-utils@~0.1.1:
  version "0.1.1"
  resolved "https://registry.yarnpkg.com/grunt-legacy-log-utils/-/grunt-legacy-log-utils-0.1.1.tgz#c0706b9dd9064e116f36f23fe4e6b048672c0f7e"
  integrity sha1-wHBrndkGThFvNvI/5OawSGcsD34=
  dependencies:
    colors "~0.6.2"
    lodash "~2.4.1"
    underscore.string "~2.3.3"

grunt-legacy-log@~0.1.0:
  version "0.1.3"
  resolved "https://registry.yarnpkg.com/grunt-legacy-log/-/grunt-legacy-log-0.1.3.tgz#ec29426e803021af59029f87d2f9cd7335a05531"
  integrity sha1-7ClCboAwIa9ZAp+H0vnNczWgVTE=
  dependencies:
    colors "~0.6.2"
    grunt-legacy-log-utils "~0.1.1"
    hooker "~0.2.3"
    lodash "~2.4.1"
    underscore.string "~2.3.3"

grunt-legacy-util@~0.2.0:
  version "0.2.0"
  resolved "https://registry.yarnpkg.com/grunt-legacy-util/-/grunt-legacy-util-0.2.0.tgz#93324884dbf7e37a9ff7c026dff451d94a9e554b"
  integrity sha1-kzJIhNv343qf98Am3/RR2UqeVUs=
  dependencies:
    async "~0.1.22"
    exit "~0.1.1"
    getobject "~0.1.0"
    hooker "~0.2.3"
    lodash "~0.9.2"
    underscore.string "~2.2.1"
    which "~1.0.5"

grunt@~0.4.5:
  version "0.4.5"
  resolved "https://registry.yarnpkg.com/grunt/-/grunt-0.4.5.tgz#56937cd5194324adff6d207631832a9d6ba4e7f0"
  integrity sha1-VpN81RlDJK3/bSB2MYMqnWuk5/A=
  dependencies:
    async "~0.1.22"
    coffee-script "~1.3.3"
    colors "~0.6.2"
    dateformat "1.0.2-1.2.3"
    eventemitter2 "~0.4.13"
    exit "~0.1.1"
    findup-sync "~0.1.2"
    getobject "~0.1.0"
    glob "~3.1.21"
    grunt-legacy-log "~0.1.0"
    grunt-legacy-util "~0.2.0"
    hooker "~0.2.3"
    iconv-lite "~0.2.11"
    js-yaml "~2.0.5"
    lodash "~0.9.2"
    minimatch "~0.2.12"
    nopt "~1.0.10"
    rimraf "~2.2.8"
    underscore.string "~2.2.1"
    which "~1.0.5"

has-ansi@^2.0.0:
  version "2.0.0"
  resolved "https://registry.yarnpkg.com/has-ansi/-/has-ansi-2.0.0.tgz#34f5049ce1ecdf2b0649af3ef24e45ed35416d91"
  integrity sha1-NPUEnOHs3ysGSa8+8k5F7TVBbZE=
  dependencies:
    ansi-regex "^2.0.0"

hooker@~0.2.3:
  version "0.2.3"
  resolved "https://registry.yarnpkg.com/hooker/-/hooker-0.2.3.tgz#b834f723cc4a242aa65963459df6d984c5d3d959"
  integrity sha1-uDT3I8xKJCqmWWNFnfbZhMXT2Vk=

iconv-lite@~0.2.11:
  version "0.2.11"
  resolved "https://registry.yarnpkg.com/iconv-lite/-/iconv-lite-0.2.11.tgz#1ce60a3a57864a292d1321ff4609ca4bb965adc8"
  integrity sha1-HOYKOleGSiktEyH/RgnKS7llrcg=

inflight@^1.0.4:
  version "1.0.6"
  resolved "https://registry.yarnpkg.com/inflight/-/inflight-1.0.6.tgz#49bd6331d7d02d0c09bc910a1075ba8165b56df9"
  integrity sha1-Sb1jMdfQLQwJvJEKEHW6gWW1bfk=
  dependencies:
    once "^1.3.0"
    wrappy "1"

inherits@1:
  version "1.0.2"
  resolved "https://registry.yarnpkg.com/inherits/-/inherits-1.0.2.tgz#ca4309dadee6b54cc0b8d247e8d7c7a0975bdc9b"
  integrity sha1-ykMJ2t7mtUzAuNJH6NfHoJdb3Js=

inherits@2:
  version "2.0.4"
  resolved "https://registry.yarnpkg.com/inherits/-/inherits-2.0.4.tgz#0fa2c64f932917c3433a0ded55363aae37416b7c"
  integrity sha512-k/vGaX4/Yla3WzyMCvTQOXYeIHvqOKtnqBduzTHpzpQZzAskKMhZ2K+EnBiSM9zGSoIFeMpXKxa4dYeZIQqewQ==

js-yaml@~2.0.5:
  version "2.0.5"
  resolved "https://registry.yarnpkg.com/js-yaml/-/js-yaml-2.0.5.tgz#a25ae6509999e97df278c6719da11bd0687743a8"
  integrity sha1-olrmUJmZ6X3yeMZxnaEb0Gh3Q6g=
  dependencies:
    argparse "~ 0.1.11"
    esprima "~ 1.0.2"

load-grunt-tasks@~0.1.0:
  version "0.1.3"
  resolved "https://registry.yarnpkg.com/load-grunt-tasks/-/load-grunt-tasks-0.1.3.tgz#9a1e42d5405b7b7cab43f93d47767dfd0af39851"
  integrity sha1-mh5C1UBbe3yrQ/k9R3Z9/QrzmFE=
  dependencies:
    lodash "~2.2.1"
    minimatch "~0.2.12"

lodash@~0.9.2:
  version "0.9.2"
  resolved "https://registry.yarnpkg.com/lodash/-/lodash-0.9.2.tgz#8f3499c5245d346d682e5b0d3b40767e09f1a92c"
  integrity sha1-jzSZxSRdNG1oLlsNO0B2fgnxqSw=

lodash@~2.2.1:
  version "2.2.1"
  resolved "https://registry.yarnpkg.com/lodash/-/lodash-2.2.1.tgz#ca935fd14ab3c0c872abacf198b9cda501440867"
  integrity sha1-ypNf0UqzwMhyq6zxmLnNpQFECGc=

lodash@~2.4.1:
  version "2.4.2"
  resolved "https://registry.yarnpkg.com/lodash/-/lodash-2.4.2.tgz#fadd834b9683073da179b3eae6d9c0d15053f73e"
  integrity sha1-+t2DS5aDBz2hebPq5tnA0VBT9z4=

lru-cache@2:
  version "2.7.3"
  resolved "https://registry.yarnpkg.com/lru-cache/-/lru-cache-2.7.3.tgz#6d4524e8b955f95d4f5b58851ce21dd72fb4e952"
  integrity sha1-bUUk6LlV+V1PW1iFHOId1y+06VI=

minimatch@0.3:
  version "0.3.0"
  resolved "https://registry.yarnpkg.com/minimatch/-/minimatch-0.3.0.tgz#275d8edaac4f1bb3326472089e7949c8394699dd"
  integrity sha1-J12O2qxPG7MyZHIInnlJyDlGmd0=
  dependencies:
    lru-cache "2"
    sigmund "~1.0.0"

minimatch@^3.0.4:
  version "3.0.4"
  resolved "https://registry.yarnpkg.com/minimatch/-/minimatch-3.0.4.tgz#5166e286457f03306064be5497e8dbb0c3d32083"
  integrity sha512-yJHVQEhyqPLUTgt9B83PXu6W3rx4MvvHvSUvToogpwoGDOUQ+yDrR0HRot+yOCdCO7u4hX3pWft6kWBBcqh0UA==
  dependencies:
    brace-expansion "^1.1.7"

minimatch@~0.2.11, minimatch@~0.2.12:
  version "0.2.14"
  resolved "https://registry.yarnpkg.com/minimatch/-/minimatch-0.2.14.tgz#c74e780574f63c6f9a090e90efbe6ef53a6a756a"
  integrity sha1-x054BXT2PG+aCQ6Q775u9TpqdWo=
  dependencies:
    lru-cache "2"
    sigmund "~1.0.0"

nopt@~1.0.10:
  version "1.0.10"
  resolved "https://registry.yarnpkg.com/nopt/-/nopt-1.0.10.tgz#6ddd21bd2a31417b92727dd585f8a6f37608ebee"
  integrity sha1-bd0hvSoxQXuScn3Vhfim83YI6+4=
  dependencies:
    abbrev "1"

once@^1.3.0:
  version "1.4.0"
  resolved "https://registry.yarnpkg.com/once/-/once-1.4.0.tgz#583b1aa775961d4b113ac17d9c50baef9dd76bd1"
  integrity sha1-WDsap3WWHUsROsF9nFC6753Xa9E=
  dependencies:
    wrappy "1"

path-is-absolute@^1.0.0:
  version "1.0.1"
  resolved "https://registry.yarnpkg.com/path-is-absolute/-/path-is-absolute-1.0.1.tgz#174b9268735534ffbc7ace6bf53a5a9e1b5c5f5f"
  integrity sha1-F0uSaHNVNP+8es5r9TpanhtcX18=

rimraf@^2.5.1:
  version "2.7.1"
  resolved "https://registry.yarnpkg.com/rimraf/-/rimraf-2.7.1.tgz#35797f13a7fdadc566142c29d4f07ccad483e3ec"
  integrity sha512-uWjbaKIK3T1OSVptzX7Nl6PvQ3qAGtKEtVRjRuazjfL3Bx5eI409VZSqgND+4UNnmzLVdPj9FqFJNPqBZFve4w==
  dependencies:
    glob "^7.1.3"

rimraf@~2.2.8:
  version "2.2.8"
  resolved "https://registry.yarnpkg.com/rimraf/-/rimraf-2.2.8.tgz#e439be2aaee327321952730f99a8929e4fc50582"
  integrity sha1-5Dm+Kq7jJzIZUnMPmaiSnk/FBYI=

sigmund@~1.0.0:
  version "1.0.1"
  resolved "https://registry.yarnpkg.com/sigmund/-/sigmund-1.0.1.tgz#3ff21f198cad2175f9f3b781853fd94d0d19b590"
  integrity sha1-P/IfGYytIXX587eBhT/ZTQ0ZtZA=

strip-ansi@^3.0.0:
  version "3.0.1"
  resolved "https://registry.yarnpkg.com/strip-ansi/-/strip-ansi-3.0.1.tgz#6a385fb8853d952d5ff05d0e8aaf94278dc63dcf"
  integrity sha1-ajhfuIU9lS1f8F0Oiq+UJ43GPc8=
  dependencies:
    ansi-regex "^2.0.0"

supports-color@^2.0.0:
  version "2.0.0"
  resolved "https://registry.yarnpkg.com/supports-color/-/supports-color-2.0.0.tgz#535d045ce6b6363fa40117084629995e9df324c7"
  integrity sha1-U10EXOa2Nj+kARcIRimZXp3zJMc=

underscore.string@~2.2.1:
  version "2.2.1"
  resolved "https://registry.yarnpkg.com/underscore.string/-/underscore.string-2.2.1.tgz#d7c0fa2af5d5a1a67f4253daee98132e733f0f19"
  integrity sha1-18D6KvXVoaZ/QlPa7pgTLnM/Dxk=

underscore.string@~2.3.3:
  version "2.3.3"
  resolved "https://registry.yarnpkg.com/underscore.string/-/underscore.string-2.3.3.tgz#71c08bf6b428b1133f37e78fa3a21c82f7329b0d"
  integrity sha1-ccCL9rQosRM/N+ePo6Icgvcymw0=

underscore.string@~2.4.0:
  version "2.4.0"
  resolved "https://registry.yarnpkg.com/underscore.string/-/underscore.string-2.4.0.tgz#8cdd8fbac4e2d2ea1e7e2e8097c42f442280f85b"
  integrity sha1-jN2PusTi0uoefi6Al8QvRCKA+Fs=

underscore@~1.7.0:
  version "1.7.0"
  resolved "https://registry.yarnpkg.com/underscore/-/underscore-1.7.0.tgz#6bbaf0877500d36be34ecaa584e0db9fef035209"
  integrity sha1-a7rwh3UA02vjTsqlhODbn+8DUgk=

"util@https://github.com/dojo/util#1.12.1":
  version "1.12.1"
  resolved "https://github.com/dojo/util#8dfe525f49b2e649129394f3c04152e3108125d0"

which@~1.0.5:
  version "1.0.9"
  resolved "https://registry.yarnpkg.com/which/-/which-1.0.9.tgz#460c1da0f810103d0321a9b633af9e575e64486f"
  integrity sha1-RgwdoPgQED0DIam2M6+eV15kSG8=

wrappy@1:
  version "1.0.2"
  resolved "https://registry.yarnpkg.com/wrappy/-/wrappy-1.0.2.tgz#b5243d8f3ec1aa35f1364605bc0d1036e30ab69f"
  integrity sha1-tSQ9jz7BqjXxNkYFvA0QNuMKtp8=
