{
	"name": "atramhasis",
	"version": "2.1.0a1",
	"lockfileVersion": 3,
	"requires": true,
	"packages": {
		"": {
			"name": "atramhasis",
			"version": "2.1.0a1",
			"dependencies": {
				"d3": "~3.5.17",
				"font-awesome": "~4.7.0",
				"foundation-sites": "~5.5.3"
			}
		},
		"font-awesome": {
			"version": "4.7.0",
			"resolved": "https://registry.npmjs.org/font-awesome/-/font-awesome-4.7.0.tgz",
			"integrity": "sha512-U6kGnykA/6bFmg1M/oT9EkFeIYv7JlX3bozwQJWiiLz6L0w3F5vBVPxHlwyX/vtNq1ckcpRKOB9f2Qal/VtFpg==",
			"extraneous": true
		},
		"foundation-sites": {
			"version": "5.5.3",
			"resolved": "https://registry.npmjs.org/foundation-sites/-/foundation-sites-5.5.3.tgz",
			"integrity": "sha512-z0NZl6Orkmeu0yhgjl3a8Ecd3frjEichn9IqocQX2jHMv9Ecd6UOPWS85f1YJXdCF6bHqnekGkrcWQ37ciR0Pw==",
			"extraneous": true
		},
		"node_modules/d3": {
			"version": "3.5.17",
			"resolved": "https://registry.npmjs.org/d3/-/d3-3.5.17.tgz",
			"integrity": "sha512-yFk/2idb8OHPKkbAL8QaOaqENNoMhIaSHZerk3oQsECwkObkCpJyjYwCe+OHiq6UEdhe1m8ZGARRRO3ljFjlKg=="
		},
		"node_modules/font-awesome": {
			"version": "4.7.0",
			"resolved": "https://registry.npmjs.org/font-awesome/-/font-awesome-4.7.0.tgz",
			"integrity": "sha512-U6kGnykA/6bFmg1M/oT9EkFeIYv7JlX3bozwQJWiiLz6L0w3F5vBVPxHlwyX/vtNq1ckcpRKOB9f2Qal/VtFpg==",
			"engines": {
				"node": ">=0.10.3"
			}
		},
		"node_modules/foundation-sites": {
			"version": "5.5.3",
			"resolved": "https://registry.npmjs.org/foundation-sites/-/foundation-sites-5.5.3.tgz",
			"integrity": "sha512-z0NZl6Orkmeu0yhgjl3a8Ecd3frjEichn9IqocQX2jHMv9Ecd6UOPWS85f1YJXdCF6bHqnekGkrcWQ37ciR0Pw=="
		}
	}
}
